// !$*UTF8*$!
{
	archiveVersion = 1;
	classes = {
	};
	objectVersion = 50;
	objects = {

/* Begin PBXBuildFile section */
		723C0375267CEB8400F8BDDA /* AppDelegate.swift in Sources */ = {isa = PBXBuildFile; fileRef = 723C0374267CEB8400F8BDDA /* AppDelegate.swift */; };
		723C0377267CEB8400F8BDDA /* SceneDelegate.swift in Sources */ = {isa = PBXBuildFile; fileRef = 723C0376267CEB8400F8BDDA /* SceneDelegate.swift */; };
		723C0379267CEB8400F8BDDA /* ViewController.swift in Sources */ = {isa = PBXBuildFile; fileRef = 723C0378267CEB8400F8BDDA /* ViewController.swift */; };
		723C037C267CEB8400F8BDDA /* Main.storyboard in Resources */ = {isa = PBXBuildFile; fileRef = 723C037A267CEB8400F8BDDA /* Main.storyboard */; };
		723C037E267CEB8800F8BDDA /* Assets.xcassets in Resources */ = {isa = PBXBuildFile; fileRef = 723C037D267CEB8800F8BDDA /* Assets.xcassets */; };
		723C0381267CEB8800F8BDDA /* LaunchScreen.storyboard in Resources */ = {isa = PBXBuildFile; fileRef = 723C037F267CEB8800F8BDDA /* LaunchScreen.storyboard */; };
/* End PBXBuildFile section */

/* Begin PBXFileReference section */
		723C0371267CEB8400F8BDDA /* testForPryaniky.app */ = {isa = PBXFileReference; explicitFileType = wrapper.application; includeInIndex = 0; path = testForPryaniky.app; sourceTree = BUILT_PRODUCTS_DIR; };
		723C0374267CEB8400F8BDDA /* AppDelegate.swift */ = {isa = PBXFileReference; lastKnownFileType = sourcecode.swift; path = AppDelegate.swift; sourceTree = "<group>"; };
		723C0376267CEB8400F8BDDA /* SceneDelegate.swift */ = {isa = PBXFileReference; lastKnownFileType = sourcecode.swift; path = SceneDelegate.swift; sourceTree = "<group>"; };
		723C0378267CEB8400F8BDDA /* ViewController.swift */ = {isa = PBXFileReference; lastKnownFileType = sourcecode.swift; path = ViewController.swift; sourceTree = "<group>"; };
		723C037B267CEB8400F8BDDA /* Base */ = {isa = PBXFileReference; lastKnownFileType = file.storyboard; name = Base; path = Base.lproj/Main.storyboard; sourceTree = "<group>"; };
		723C037D267CEB8800F8BDDA /* Assets.xcassets */ = {isa = PBXFileReference; lastKnownFileType = folder.assetcatalog; path = Assets.xcassets; sourceTree = "<group>"; };
		723C0380267CEB8800F8BDDA /* Base */ = {isa = PBXFileReference; lastKnownFileType = file.storyboard; name = Base; path = Base.lproj/LaunchScreen.storyboard; sourceTree = "<group>"; };
		723C0382267CEB8800F8BDDA /* Info.plist */ = {isa = PBXFileReference; lastKnownFileType = text.plist.xml; path = Info.plist; sourceTree = "<group>"; };
/* End PBXFileReference section */

/* Begin PBXFrameworksBuildPhase section */
		723C036E267CEB8400F8BDDA /* Frameworks */ = {
			isa = PBXFrameworksBuildPhase;
			buildActionMask = 2147483647;
			files = (
			);
			runOnlyForDeploymentPostprocessing = 0;
		};
/* End PBXFrameworksBuildPhase section */

/* Begin PBXGroup section */
		723C0368267CEB8400F8BDDA = {
			isa = PBXGroup;
			children = (
				723C0373267CEB8400F8BDDA /* testForPryaniky */,
				723C0372267CEB8400F8BDDA /* Products */,
			);
			sourceTree = "<group>";
		};
		723C0372267CEB8400F8BDDA /* Products */ = {
			isa = PBXGroup;
			children = (
				723C0371267CEB8400F8BDDA /* testForPryaniky.app */,
			);
			name = Products;
			sourceTree = "<group>";
		};
		723C0373267CEB8400F8BDDA /* testForPryaniky */ = {
			isa = PBXGroup;
			children = (
				723C0374267CEB8400F8BDDA /* AppDelegate.swift */,
				723C0376267CEB8400F8BDDA /* SceneDelegate.swift */,
				723C0378267CEB8400F8BDDA /* ViewController.swift */,
				723C037A267CEB8400F8BDDA /* Main.storyboard */,
				723C037D267CEB8800F8BDDA /* Assets.xcassets */,
				723C037F267CEB8800F8BDDA /* LaunchScreen.storyboard */,
				723C0382267CEB8800F8BDDA /* Info.plist */,
			);
			path = testForPryaniky;
			sourceTree = "<group>";
		};
/* End PBXGroup section */

/* Begin PBXNativeTarget section */
		723C0370267CEB8400F8BDDA /* testForPryaniky */ = {
			isa = PBXNativeTarget;
			buildConfigurationList = 723C0385267CEB8800F8BDDA /* Build configuration list for PBXNativeTarget "testForPryaniky" */;
			buildPhases = (
				723C036D267CEB8400F8BDDA /* Sources */,
				723C036E267CEB8400F8BDDA /* Frameworks */,
				723C036F267CEB8400F8BDDA /* Resources */,
			);
			buildRules = (
			);
			dependencies = (
			);
			name = testForPryaniky;
			productName = testForPryaniky;
			productReference = 723C0371267CEB8400F8BDDA /* testForPryaniky.app */;
			productType = "com.apple.product-type.application";
		};
/* End PBXNativeTarget section */

/* Begin PBXProject section */
		723C0369267CEB8400F8BDDA /* Project object */ = {
			isa = PBXProject;
			attributes = {
				LastSwiftUpdateCheck = 1200;
				LastUpgradeCheck = 1200;
				TargetAttributes = {
					723C0370267CEB8400F8BDDA = {
						CreatedOnToolsVersion = 12.0;
					};
				};
			};
			buildConfigurationList = 723C036C267CEB8400F8BDDA /* Build configuration list for PBXProject "testForPryaniky" */;
			compatibilityVersion = "Xcode 9.3";
			developmentRegion = en;
			hasScannedForEncodings = 0;
			knownRegions = (
				en,
				Base,
			);
			mainGroup = 723C0368267CEB8400F8BDDA;
			productRefGroup = 723C0372267CEB8400F8BDDA /* Products */;
			projectDirPath = "";
			projectRoot = "";
			targets = (
				723C0370267CEB8400F8BDDA /* testForPryaniky */,
			);
		};
/* End PBXProject section */

/* Begin PBXResourcesBuildPhase section */
		723C036F267CEB8400F8BDDA /* Resources */ = {
			isa = PBXResourcesBuildPhase;
			buildActionMask = 2147483647;
			files = (
				723C0381267CEB8800F8BDDA /* LaunchScreen.storyboard in Resources */,
				723C037E267CEB8800F8BDDA /* Assets.xcassets in Resources */,
				723C037C267CEB8400F8BDDA /* Main.storyboard in Resources */,
			);
			runOnlyForDeploymentPostprocessing = 0;
		};
/* End PBXResourcesBuildPhase section */

/* Begin PBXSourcesBuildPhase section */
		723C036D267CEB8400F8BDDA /* Sources */ = {
			isa = PBXSourcesBuildPhase;
			buildActionMask = 2147483647;
			files = (
				723C0379267CEB8400F8BDDA /* ViewController.swift in Sources */,
				723C0375267CEB8400F8BDDA /* AppDelegate.swift in Sources */,
				723C0377267CEB8400F8BDDA /* SceneDelegate.swift in Sources */,
			);
			runOnlyForDeploymentPostprocessing = 0;
		};
/* End PBXSourcesBuildPhase section */

/* Begin PBXVariantGroup section */
		723C037A267CEB8400F8BDDA /* Main.storyboard */ = {
			isa = PBXVariantGroup;
			children = (
				723C037B267CEB8400F8BDDA /* Base */,
			);
			name = Main.storyboard;
			sourceTree = "<group>";
		};
		723C037F267CEB8800F8BDDA /* LaunchScreen.storyboard */ = {
			isa = PBXVariantGroup;
			children = (
				723C0380267CEB8800F8BDDA /* Base */,
			);
			name = LaunchScreen.storyboard;
			sourceTree = "<group>";
		};
/* End PBXVariantGroup section */

/* Begin XCBuildConfiguration section */
		723C0383267CEB8800F8BDDA /* Debug */ = {
			isa = XCBuildConfiguration;
			buildSettings = {
				ALWAYS_SEARCH_USER_PATHS = NO;
				CLANG_ANALYZER_NONNULL = YES;
				CLANG_ANALYZER_NUMBER_OBJECT_CONVERSION = YES_AGGRESSIVE;
				CLANG_CXX_LANGUAGE_STANDARD = "gnu++14";
				CLANG_CXX_LIBRARY = "libc++";
				CLANG_ENABLE_MODULES = YES;
				CLANG_ENABLE_OBJC_ARC = YES;
				CLANG_ENABLE_OBJC_WEAK = YES;
				CLANG_WARN_BLOCK_CAPTURE_AUTORELEASING = YES;
				CLANG_WARN_BOOL_CONVERSION = YES;
				CLANG_WARN_COMMA = YES;
				CLANG_WARN_CONSTANT_CONVERSION = YES;
				CLANG_WARN_DEPRECATED_OBJC_IMPLEMENTATIONS = YES;
				CLANG_WARN_DIRECT_OBJC_ISA_USAGE = YES_ERROR;
				CLANG_WARN_DOCUMENTATION_COMMENTS = YES;
				CLANG_WARN_EMPTY_BODY = YES;
				CLANG_WARN_ENUM_CONVERSION = YES;
				CLANG_WARN_INFINITE_RECURSION = YES;
				CLANG_WARN_INT_CONVERSION = YES;
				CLANG_WARN_NON_LITERAL_NULL_CONVERSION = YES;
				CLANG_WARN_OBJC_IMPLICIT_RETAIN_SELF = YES;
				CLANG_WARN_OBJC_LITERAL_CONVERSION = YES;
				CLANG_WARN_OBJC_ROOT_CLASS = YES_ERROR;
				CLANG_WARN_QUOTED_INCLUDE_IN_FRAMEWORK_HEADER = YES;
				CLANG_WARN_RANGE_LOOP_ANALYSIS = YES;
				CLANG_WARN_STRICT_PROTOTYPES = YES;
				CLANG_WARN_SUSPICIOUS_MOVE = YES;
				CLANG_WARN_UNGUARDED_AVAILABILITY = YES_AGGRESSIVE;
				CLANG_WARN_UNREACHABLE_CODE = YES;
				CLANG_WARN__DUPLICATE_METHOD_MATCH = YES;
				COPY_PHASE_STRIP = NO;
				DEBUG_INFORMATION_FORMAT = dwarf;
				ENABLE_STRICT_OBJC_MSGSEND = YES;
				ENABLE_TESTABILITY = YES;
				GCC_C_LANGUAGE_STANDARD = gnu11;
				GCC_DYNAMIC_NO_PIC = NO;
				GCC_NO_COMMON_BLOCKS = YES;
				GCC_OPTIMIZATION_LEVEL = 0;
				GCC_PREPROCESSOR_DEFINITIONS = (
					"DEBUG=1",
					"$(inherited)",
				);
				GCC_WARN_64_TO_32_BIT_CONVERSION = YES;
				GCC_WARN_ABOUT_RETURN_TYPE = YES_ERROR;
				GCC_WARN_UNDECLARED_SELECTOR = YES;
				GCC_WARN_UNINITIALIZED_AUTOS = YES_AGGRESSIVE;
				GCC_WARN_UNUSED_FUNCTION = YES;
				GCC_WARN_UNUSED_VARIABLE = YES;
				IPHONEOS_DEPLOYMENT_TARGET = 14.0;
				MTL_ENABLE_DEBUG_INFO = INCLUDE_SOURCE;
				MTL_FAST_MATH = YES;
				ONLY_ACTIVE_ARCH = YES;
				SDKROOT = iphoneos;
				SWIFT_ACTIVE_COMPILATION_CONDITIONS = DEBUG;
				SWIFT_OPTIMIZATION_LEVEL = "-Onone";
			};
			name = Debug;
		};
		723C0384267CEB8800F8BDDA /* Release */ = {
			isa = XCBuildConfiguration;
			buildSettings = {
				ALWAYS_SEARCH_USER_PATHS = NO;
				CLANG_ANALYZER_NONNULL = YES;
				CLANG_ANALYZER_NUMBER_OBJECT_CONVERSION = YES_AGGRESSIVE;
				CLANG_CXX_LANGUAGE_STANDARD = "gnu++14";
				CLANG_CXX_LIBRARY = "libc++";
				CLANG_ENABLE_MODULES = YES;
				CLANG_ENABLE_OBJC_ARC = YES;
				CLANG_ENABLE_OBJC_WEAK = YES;
				CLANG_WARN_BLOCK_CAPTURE_AUTORELEASING = YES;
				CLANG_WARN_BOOL_CONVERSION = YES;
				CLANG_WARN_COMMA = YES;
				CLANG_WARN_CONSTANT_CONVERSION = YES;
				CLANG_WARN_DEPRECATED_OBJC_IMPLEMENTATIONS = YES;
				CLANG_WARN_DIRECT_OBJC_ISA_USAGE = YES_ERROR;
				CLANG_WARN_DOCUMENTATION_COMMENTS = YES;
				CLANG_WARN_EMPTY_BODY = YES;
				CLANG_WARN_ENUM_CONVERSION = YES;
				CLANG_WARN_INFINITE_RECURSION = YES;
				CLANG_WARN_INT_CONVERSION = YES;
				CLANG_WARN_NON_LITERAL_NULL_CONVERSION = YES;
				CLANG_WARN_OBJC_IMPLICIT_RETAIN_SELF = YES;
				CLANG_WARN_OBJC_LITERAL_CONVERSION = YES;
				CLANG_WARN_OBJC_ROOT_CLASS = YES_ERROR;
				CLANG_WARN_QUOTED_INCLUDE_IN_FRAMEWORK_HEADER = YES;
				CLANG_WARN_RANGE_LOOP_ANALYSIS = YES;
				CLANG_WARN_STRICT_PROTOTYPES = YES;
				CLANG_WARN_SUSPICIOUS_MOVE = YES;
				CLANG_WARN_UNGUARDED_AVAILABILITY = YES_AGGRESSIVE;
				CLANG_WARN_UNREACHABLE_CODE = YES;
				CLANG_WARN__DUPLICATE_METHOD_MATCH = YES;
				COPY_PHASE_STRIP = NO;
				DEBUG_INFORMATION_FORMAT = "dwarf-with-dsym";
				ENABLE_NS_ASSERTIONS = NO;
				ENABLE_STRICT_OBJC_MSGSEND = YES;
				GCC_C_LANGUAGE_STANDARD = gnu11;
				GCC_NO_COMMON_BLOCKS = YES;
				GCC_WARN_64_TO_32_BIT_CONVERSION = YES;
				GCC_WARN_ABOUT_RETURN_TYPE = YES_ERROR;
				GCC_WARN_UNDECLARED_SELECTOR = YES;
				GCC_WARN_UNINITIALIZED_AUTOS = YES_AGGRESSIVE;
				GCC_WARN_UNUSED_FUNCTION = YES;
				GCC_WARN_UNUSED_VARIABLE = YES;
				IPHONEOS_DEPLOYMENT_TARGET = 14.0;
				MTL_ENABLE_DEBUG_INFO = NO;
				MTL_FAST_MATH = YES;
				SDKROOT = iphoneos;
				SWIFT_COMPILATION_MODE = wholemodule;
				SWIFT_OPTIMIZATION_LEVEL = "-O";
				VALIDATE_PRODUCT = YES;
			};
			name = Release;
		};
		723C0386267CEB8800F8BDDA /* Debug */ = {
			isa = XCBuildConfiguration;
			buildSettings = {
				ASSETCATALOG_COMPILER_APPICON_NAME = AppIcon;
				ASSETCATALOG_COMPILER_GLOBAL_ACCENT_COLOR_NAME = AccentColor;
				CODE_SIGN_STYLE = Automatic;
				DEVELOPMENT_TEAM = 7SPANA493T;
				INFOPLIST_FILE = testForPryaniky/Info.plist;
				LD_RUNPATH_SEARCH_PATHS = (
					"$(inherited)",
					"@executable_path/Frameworks",
				);
				PRODUCT_BUNDLE_IDENTIFIER = com.palehin.testForPryaniky;
				PRODUCT_NAME = "$(TARGET_NAME)";
				SWIFT_VERSION = 5.0;
				TARGETED_DEVICE_FAMILY = "1,2";
			};
			name = Debug;
		};
		723C0387267CEB8800F8BDDA /* Release */ = {
			isa = XCBuildConfiguration;
			buildSettings = {
				ASSETCATALOG_COMPILER_APPICON_NAME = AppIcon;
				ASSETCATALOG_COMPILER_GLOBAL_ACCENT_COLOR_NAME = AccentColor;
				CODE_SIGN_STYLE = Automatic;
				DEVELOPMENT_TEAM = 7SPANA493T;
				INFOPLIST_FILE = testForPryaniky/Info.plist;
				LD_RUNPATH_SEARCH_PATHS = (
					"$(inherited)",
					"@executable_path/Frameworks",
				);
				PRODUCT_BUNDLE_IDENTIFIER = com.palehin.testForPryaniky;
				PRODUCT_NAME = "$(TARGET_NAME)";
				SWIFT_VERSION = 5.0;
				TARGETED_DEVICE_FAMILY = "1,2";
			};
			name = Release;
		};
/* End XCBuildConfiguration section */

/* Begin XCConfigurationList section */
		723C036C267CEB8400F8BDDA /* Build configuration list for PBXProject "testForPryaniky" */ = {
			isa = XCConfigurationList;
			buildConfigurations = (
				723C0383267CEB8800F8BDDA /* Debug */,
				723C0384267CEB8800F8BDDA /* Release */,
			);
			defaultConfigurationIsVisible = 0;
			defaultConfigurationName = Release;
		};
		723C0385267CEB8800F8BDDA /* Build configuration list for PBXNativeTarget "testForPryaniky" */ = {
			isa = XCConfigurationList;
			buildConfigurations = (
				723C0386267CEB8800F8BDDA /* Debug */,
				723C0387267CEB8800F8BDDA /* Release */,
			);
			defaultConfigurationIsVisible = 0;
			defaultConfigurationName = Release;
		};
/* End XCConfigurationList section */
	};
	rootObject = 723C0369267CEB8400F8BDDA /* Project object */;
}
